// !$*UTF8*$!
{
	archiveVersion = 1;
	classes = {
	};
	objectVersion = 52;
	objects = {

/* Begin PBXBuildFile section */
		9E5FF22B267D1A45000E6396 /* AppDelegate.swift in Sources */ = {isa = PBXBuildFile; fileRef = 9E5FF22A267D1A45000E6396 /* AppDelegate.swift */; };
		9E5FF22D267D1A45000E6396 /* SceneDelegate.swift in Sources */ = {isa = PBXBuildFile; fileRef = 9E5FF22C267D1A45000E6396 /* SceneDelegate.swift */; };
		9E5FF232267D1A45000E6396 /* Main.storyboard in Resources */ = {isa = PBXBuildFile; fileRef = 9E5FF230267D1A45000E6396 /* Main.storyboard */; };
		9E5FF234267D1A48000E6396 /* Assets.xcassets in Resources */ = {isa = PBXBuildFile; fileRef = 9E5FF233267D1A48000E6396 /* Assets.xcassets */; };
		9E5FF237267D1A48000E6396 /* LaunchScreen.storyboard in Resources */ = {isa = PBXBuildFile; fileRef = 9E5FF235267D1A48000E6396 /* LaunchScreen.storyboard */; };
		9E5FF23F267D1A56000E6396 /* TableViewController.swift in Sources */ = {isa = PBXBuildFile; fileRef = 9E5FF23E267D1A56000E6396 /* TableViewController.swift */; };
		9E5FF241267D1A5B000E6396 /* TodoModel.swift in Sources */ = {isa = PBXBuildFile; fileRef = 9E5FF240267D1A5B000E6396 /* TodoModel.swift */; };
		9E5FF243267D1A5F000E6396 /* StorageManager.swift in Sources */ = {isa = PBXBuildFile; fileRef = 9E5FF242267D1A5F000E6396 /* StorageManager.swift */; };
		9E5FF246267D1C13000E6396 /* RealmSwift in Frameworks */ = {isa = PBXBuildFile; productRef = 9E5FF245267D1C13000E6396 /* RealmSwift */; };
		9E5FF248267D1C13000E6396 /* Realm in Frameworks */ = {isa = PBXBuildFile; productRef = 9E5FF247267D1C13000E6396 /* Realm */; };
/* End PBXBuildFile section */

/* Begin PBXFileReference section */
		9E5FF227267D1A45000E6396 /* todo.app */ = {isa = PBXFileReference; explicitFileType = wrapper.application; includeInIndex = 0; path = todo.app; sourceTree = BUILT_PRODUCTS_DIR; };
		9E5FF22A267D1A45000E6396 /* AppDelegate.swift */ = {isa = PBXFileReference; lastKnownFileType = sourcecode.swift; path = AppDelegate.swift; sourceTree = "<group>"; };
		9E5FF22C267D1A45000E6396 /* SceneDelegate.swift */ = {isa = PBXFileReference; lastKnownFileType = sourcecode.swift; path = SceneDelegate.swift; sourceTree = "<group>"; };
		9E5FF231267D1A45000E6396 /* Base */ = {isa = PBXFileReference; lastKnownFileType = file.storyboard; name = Base; path = Base.lproj/Main.storyboard; sourceTree = "<group>"; };
		9E5FF233267D1A48000E6396 /* Assets.xcassets */ = {isa = PBXFileReference; lastKnownFileType = folder.assetcatalog; path = Assets.xcassets; sourceTree = "<group>"; };
		9E5FF236267D1A48000E6396 /* Base */ = {isa = PBXFileReference; lastKnownFileType = file.storyboard; name = Base; path = Base.lproj/LaunchScreen.storyboard; sourceTree = "<group>"; };
		9E5FF238267D1A48000E6396 /* Info.plist */ = {isa = PBXFileReference; lastKnownFileType = text.plist.xml; path = Info.plist; sourceTree = "<group>"; };
		9E5FF23E267D1A56000E6396 /* TableViewController.swift */ = {isa = PBXFileReference; lastKnownFileType = sourcecode.swift; path = TableViewController.swift; sourceTree = "<group>"; };
		9E5FF240267D1A5B000E6396 /* TodoModel.swift */ = {isa = PBXFileReference; lastKnownFileType = sourcecode.swift; path = TodoModel.swift; sourceTree = "<group>"; };
		9E5FF242267D1A5F000E6396 /* StorageManager.swift */ = {isa = PBXFileReference; lastKnownFileType = sourcecode.swift; path = StorageManager.swift; sourceTree = "<group>"; };
/* End PBXFileReference section */

/* Begin PBXFrameworksBuildPhase section */
		9E5FF224267D1A45000E6396 /* Frameworks */ = {
			isa = PBXFrameworksBuildPhase;
			buildActionMask = 2147483647;
			files = (
				9E5FF248267D1C13000E6396 /* Realm in Frameworks */,
				9E5FF246267D1C13000E6396 /* RealmSwift in Frameworks */,
			);
			runOnlyForDeploymentPostprocessing = 0;
		};
/* End PBXFrameworksBuildPhase section */

/* Begin PBXGroup section */
		9E5FF21E267D1A45000E6396 = {
			isa = PBXGroup;
			children = (
				9E5FF229267D1A45000E6396 /* todo */,
				9E5FF228267D1A45000E6396 /* Products */,
			);
			sourceTree = "<group>";
		};
		9E5FF228267D1A45000E6396 /* Products */ = {
			isa = PBXGroup;
			children = (
				9E5FF227267D1A45000E6396 /* todo.app */,
			);
			name = Products;
			sourceTree = "<group>";
		};
		9E5FF229267D1A45000E6396 /* todo */ = {
			isa = PBXGroup;
			children = (
				9E5FF22A267D1A45000E6396 /* AppDelegate.swift */,
				9E5FF22C267D1A45000E6396 /* SceneDelegate.swift */,
				9E5FF23E267D1A56000E6396 /* TableViewController.swift */,
				9E5FF240267D1A5B000E6396 /* TodoModel.swift */,
				9E5FF242267D1A5F000E6396 /* StorageManager.swift */,
				9E5FF230267D1A45000E6396 /* Main.storyboard */,
				9E5FF233267D1A48000E6396 /* Assets.xcassets */,
				9E5FF235267D1A48000E6396 /* LaunchScreen.storyboard */,
				9E5FF238267D1A48000E6396 /* Info.plist */,
			);
			path = todo;
			sourceTree = "<group>";
		};
/* End PBXGroup section */

/* Begin PBXNativeTarget section */
		9E5FF226267D1A45000E6396 /* todo */ = {
			isa = PBXNativeTarget;
			buildConfigurationList = 9E5FF23B267D1A48000E6396 /* Build configuration list for PBXNativeTarget "todo" */;
			buildPhases = (
				9E5FF223267D1A45000E6396 /* Sources */,
				9E5FF224267D1A45000E6396 /* Frameworks */,
				9E5FF225267D1A45000E6396 /* Resources */,
			);
			buildRules = (
			);
			dependencies = (
			);
			name = todo;
			packageProductDependencies = (
				9E5FF245267D1C13000E6396 /* RealmSwift */,
				9E5FF247267D1C13000E6396 /* Realm */,
			);
			productName = todo;
			productReference = 9E5FF227267D1A45000E6396 /* todo.app */;
			productType = "com.apple.product-type.application";
		};
/* End PBXNativeTarget section */

/* Begin PBXProject section */
		9E5FF21F267D1A45000E6396 /* Project object */ = {
			isa = PBXProject;
			attributes = {
				LastSwiftUpdateCheck = 1250;
				LastUpgradeCheck = 1250;
				TargetAttributes = {
					9E5FF226267D1A45000E6396 = {
						CreatedOnToolsVersion = 12.5;
					};
				};
			};
			buildConfigurationList = 9E5FF222267D1A45000E6396 /* Build configuration list for PBXProject "todo" */;
			compatibilityVersion = "Xcode 9.3";
			developmentRegion = en;
			hasScannedForEncodings = 0;
			knownRegions = (
				en,
				Base,
			);
			mainGroup = 9E5FF21E267D1A45000E6396;
			packageReferences = (
				9E5FF244267D1C13000E6396 /* XCRemoteSwiftPackageReference "realm-cocoa" */,
			);
			productRefGroup = 9E5FF228267D1A45000E6396 /* Products */;
			projectDirPath = "";
			projectRoot = "";
			targets = (
				9E5FF226267D1A45000E6396 /* todo */,
			);
		};
/* End PBXProject section */

/* Begin PBXResourcesBuildPhase section */
		9E5FF225267D1A45000E6396 /* Resources */ = {
			isa = PBXResourcesBuildPhase;
			buildActionMask = 2147483647;
			files = (
				9E5FF237267D1A48000E6396 /* LaunchScreen.storyboard in Resources */,
				9E5FF234267D1A48000E6396 /* Assets.xcassets in Resources */,
				9E5FF232267D1A45000E6396 /* Main.storyboard in Resources */,
			);
			runOnlyForDeploymentPostprocessing = 0;
		};
/* End PBXResourcesBuildPhase section */

/* Begin PBXSourcesBuildPhase section */
		9E5FF223267D1A45000E6396 /* Sources */ = {
			isa = PBXSourcesBuildPhase;
			buildActionMask = 2147483647;
			files = (
				9E5FF22B267D1A45000E6396 /* AppDelegate.swift in Sources */,
				9E5FF241267D1A5B000E6396 /* TodoModel.swift in Sources */,
				9E5FF243267D1A5F000E6396 /* StorageManager.swift in Sources */,
				9E5FF23F267D1A56000E6396 /* TableViewController.swift in Sources */,
				9E5FF22D267D1A45000E6396 /* SceneDelegate.swift in Sources */,
			);
			runOnlyForDeploymentPostprocessing = 0;
		};
/* End PBXSourcesBuildPhase section */

/* Begin PBXVariantGroup section */
		9E5FF230267D1A45000E6396 /* Main.storyboard */ = {
			isa = PBXVariantGroup;
			children = (
				9E5FF231267D1A45000E6396 /* Base */,
			);
			name = Main.storyboard;
			sourceTree = "<group>";
		};
		9E5FF235267D1A48000E6396 /* LaunchScreen.storyboard */ = {
			isa = PBXVariantGroup;
			children = (
				9E5FF236267D1A48000E6396 /* Base */,
			);
			name = LaunchScreen.storyboard;
			sourceTree = "<group>";
		};
/* End PBXVariantGroup section */

/* Begin XCBuildConfiguration section */
		9E5FF239267D1A48000E6396 /* Debug */ = {
			isa = XCBuildConfiguration;
			buildSettings = {
				ALWAYS_SEARCH_USER_PATHS = NO;
				CLANG_ANALYZER_NONNULL = YES;
				CLANG_ANALYZER_NUMBER_OBJECT_CONVERSION = YES_AGGRESSIVE;
				CLANG_CXX_LANGUAGE_STANDARD = "gnu++14";
				CLANG_CXX_LIBRARY = "libc++";
				CLANG_ENABLE_MODULES = YES;
				CLANG_ENABLE_OBJC_ARC = YES;
				CLANG_ENABLE_OBJC_WEAK = YES;
				CLANG_WARN_BLOCK_CAPTURE_AUTORELEASING = YES;
				CLANG_WARN_BOOL_CONVERSION = YES;
				CLANG_WARN_COMMA = YES;
				CLANG_WARN_CONSTANT_CONVERSION = YES;
				CLANG_WARN_DEPRECATED_OBJC_IMPLEMENTATIONS = YES;
				CLANG_WARN_DIRECT_OBJC_ISA_USAGE = YES_ERROR;
				CLANG_WARN_DOCUMENTATION_COMMENTS = YES;
				CLANG_WARN_EMPTY_BODY = YES;
				CLANG_WARN_ENUM_CONVERSION = YES;
				CLANG_WARN_INFINITE_RECURSION = YES;
				CLANG_WARN_INT_CONVERSION = YES;
				CLANG_WARN_NON_LITERAL_NULL_CONVERSION = YES;
				CLANG_WARN_OBJC_IMPLICIT_RETAIN_SELF = YES;
				CLANG_WARN_OBJC_LITERAL_CONVERSION = YES;
				CLANG_WARN_OBJC_ROOT_CLASS = YES_ERROR;
				CLANG_WARN_QUOTED_INCLUDE_IN_FRAMEWORK_HEADER = YES;
				CLANG_WARN_RANGE_LOOP_ANALYSIS = YES;
				CLANG_WARN_STRICT_PROTOTYPES = YES;
				CLANG_WARN_SUSPICIOUS_MOVE = YES;
				CLANG_WARN_UNGUARDED_AVAILABILITY = YES_AGGRESSIVE;
				CLANG_WARN_UNREACHABLE_CODE = YES;
				CLANG_WARN__DUPLICATE_METHOD_MATCH = YES;
				COPY_PHASE_STRIP = NO;
				DEBUG_INFORMATION_FORMAT = dwarf;
				ENABLE_STRICT_OBJC_MSGSEND = YES;
				ENABLE_TESTABILITY = YES;
				GCC_C_LANGUAGE_STANDARD = gnu11;
				GCC_DYNAMIC_NO_PIC = NO;
				GCC_NO_COMMON_BLOCKS = YES;
				GCC_OPTIMIZATION_LEVEL = 0;
				GCC_PREPROCESSOR_DEFINITIONS = (
					"DEBUG=1",
					"$(inherited)",
				);
				GCC_WARN_64_TO_32_BIT_CONVERSION = YES;
				GCC_WARN_ABOUT_RETURN_TYPE = YES_ERROR;
				GCC_WARN_UNDECLARED_SELECTOR = YES;
				GCC_WARN_UNINITIALIZED_AUTOS = YES_AGGRESSIVE;
				GCC_WARN_UNUSED_FUNCTION = YES;
				GCC_WARN_UNUSED_VARIABLE = YES;
				IPHONEOS_DEPLOYMENT_TARGET = 14.5;
				MTL_ENABLE_DEBUG_INFO = INCLUDE_SOURCE;
				MTL_FAST_MATH = YES;
				ONLY_ACTIVE_ARCH = YES;
				SDKROOT = iphoneos;
				SWIFT_ACTIVE_COMPILATION_CONDITIONS = DEBUG;
				SWIFT_OPTIMIZATION_LEVEL = "-Onone";
			};
			name = Debug;
		};
		9E5FF23A267D1A48000E6396 /* Release */ = {
			isa = XCBuildConfiguration;
			buildSettings = {
				ALWAYS_SEARCH_USER_PATHS = NO;
				CLANG_ANALYZER_NONNULL = YES;
				CLANG_ANALYZER_NUMBER_OBJECT_CONVERSION = YES_AGGRESSIVE;
				CLANG_CXX_LANGUAGE_STANDARD = "gnu++14";
				CLANG_CXX_LIBRARY = "libc++";
				CLANG_ENABLE_MODULES = YES;
				CLANG_ENABLE_OBJC_ARC = YES;
				CLANG_ENABLE_OBJC_WEAK = YES;
				CLANG_WARN_BLOCK_CAPTURE_AUTORELEASING = YES;
				CLANG_WARN_BOOL_CONVERSION = YES;
				CLANG_WARN_COMMA = YES;
				CLANG_WARN_CONSTANT_CONVERSION = YES;
				CLANG_WARN_DEPRECATED_OBJC_IMPLEMENTATIONS = YES;
				CLANG_WARN_DIRECT_OBJC_ISA_USAGE = YES_ERROR;
				CLANG_WARN_DOCUMENTATION_COMMENTS = YES;
				CLANG_WARN_EMPTY_BODY = YES;
				CLANG_WARN_ENUM_CONVERSION = YES;
				CLANG_WARN_INFINITE_RECURSION = YES;
				CLANG_WARN_INT_CONVERSION = YES;
				CLANG_WARN_NON_LITERAL_NULL_CONVERSION = YES;
				CLANG_WARN_OBJC_IMPLICIT_RETAIN_SELF = YES;
				CLANG_WARN_OBJC_LITERAL_CONVERSION = YES;
				CLANG_WARN_OBJC_ROOT_CLASS = YES_ERROR;
				CLANG_WARN_QUOTED_INCLUDE_IN_FRAMEWORK_HEADER = YES;
				CLANG_WARN_RANGE_LOOP_ANALYSIS = YES;
				CLANG_WARN_STRICT_PROTOTYPES = YES;
				CLANG_WARN_SUSPICIOUS_MOVE = YES;
				CLANG_WARN_UNGUARDED_AVAILABILITY = YES_AGGRESSIVE;
				CLANG_WARN_UNREACHABLE_CODE = YES;
				CLANG_WARN__DUPLICATE_METHOD_MATCH = YES;
				COPY_PHASE_STRIP = NO;
				DEBUG_INFORMATION_FORMAT = "dwarf-with-dsym";
				ENABLE_NS_ASSERTIONS = NO;
				ENABLE_STRICT_OBJC_MSGSEND = YES;
				GCC_C_LANGUAGE_STANDARD = gnu11;
				GCC_NO_COMMON_BLOCKS = YES;
				GCC_WARN_64_TO_32_BIT_CONVERSION = YES;
				GCC_WARN_ABOUT_RETURN_TYPE = YES_ERROR;
				GCC_WARN_UNDECLARED_SELECTOR = YES;
				GCC_WARN_UNINITIALIZED_AUTOS = YES_AGGRESSIVE;
				GCC_WARN_UNUSED_FUNCTION = YES;
				GCC_WARN_UNUSED_VARIABLE = YES;
				IPHONEOS_DEPLOYMENT_TARGET = 14.5;
				MTL_ENABLE_DEBUG_INFO = NO;
				MTL_FAST_MATH = YES;
				SDKROOT = iphoneos;
				SWIFT_COMPILATION_MODE = wholemodule;
				SWIFT_OPTIMIZATION_LEVEL = "-O";
				VALIDATE_PRODUCT = YES;
			};
			name = Release;
		};
		9E5FF23C267D1A48000E6396 /* Debug */ = {
			isa = XCBuildConfiguration;
			buildSettings = {
				ASSETCATALOG_COMPILER_APPICON_NAME = AppIcon;
				ASSETCATALOG_COMPILER_GLOBAL_ACCENT_COLOR_NAME = AccentColor;
				CODE_SIGN_STYLE = Automatic;
				DEVELOPMENT_TEAM = 3WXHKVU22N;
				INFOPLIST_FILE = todo/Info.plist;
				LD_RUNPATH_SEARCH_PATHS = (
					"$(inherited)",
					"@executable_path/Frameworks",
				);
				PRODUCT_BUNDLE_IDENTIFIER = co.belya.todo;
				PRODUCT_NAME = "$(TARGET_NAME)";
				SWIFT_VERSION = 5.0;
				TARGETED_DEVICE_FAMILY = "1,2";
			};
			name = Debug;
		};
		9E5FF23D267D1A48000E6396 /* Release */ = {
			isa = XCBuildConfiguration;
			buildSettings = {
				ASSETCATALOG_COMPILER_APPICON_NAME = AppIcon;
				ASSETCATALOG_COMPILER_GLOBAL_ACCENT_COLOR_NAME = AccentColor;
				CODE_SIGN_STYLE = Automatic;
				DEVELOPMENT_TEAM = 3WXHKVU22N;
				INFOPLIST_FILE = todo/Info.plist;
				LD_RUNPATH_SEARCH_PATHS = (
					"$(inherited)",
					"@executable_path/Frameworks",
				);
				PRODUCT_BUNDLE_IDENTIFIER = co.belya.todo;
				PRODUCT_NAME = "$(TARGET_NAME)";
				SWIFT_VERSION = 5.0;
				TARGETED_DEVICE_FAMILY = "1,2";
			};
			name = Release;
		};
/* End XCBuildConfiguration section */

/* Begin XCConfigurationList section */
		9E5FF222267D1A45000E6396 /* Build configuration list for PBXProject "todo" */ = {
			isa = XCConfigurationList;
			buildConfigurations = (
				9E5FF239267D1A48000E6396 /* Debug */,
				9E5FF23A267D1A48000E6396 /* Release */,
			);
			defaultConfigurationIsVisible = 0;
			defaultConfigurationName = Release;
		};
		9E5FF23B267D1A48000E6396 /* Build configuration list for PBXNativeTarget "todo" */ = {
			isa = XCConfigurationList;
			buildConfigurations = (
				9E5FF23C267D1A48000E6396 /* Debug */,
				9E5FF23D267D1A48000E6396 /* Release */,
			);
			defaultConfigurationIsVisible = 0;
			defaultConfigurationName = Release;
		};
/* End XCConfigurationList section */

/* Begin XCRemoteSwiftPackageReference section */
		9E5FF244267D1C13000E6396 /* XCRemoteSwiftPackageReference "realm-cocoa" */ = {
			isa = XCRemoteSwiftPackageReference;
			repositoryURL = "https://github.com/realm/realm-cocoa.git";
			requirement = {
				kind = upToNextMajorVersion;
				minimumVersion = 10.8.0;
			};
		};
/* End XCRemoteSwiftPackageReference section */

/* Begin XCSwiftPackageProductDependency section */
		9E5FF245267D1C13000E6396 /* RealmSwift */ = {
			isa = XCSwiftPackageProductDependency;
			package = 9E5FF244267D1C13000E6396 /* XCRemoteSwiftPackageReference "realm-cocoa" */;
			productName = RealmSwift;
		};
		9E5FF247267D1C13000E6396 /* Realm */ = {
			isa = XCSwiftPackageProductDependency;
			package = 9E5FF244267D1C13000E6396 /* XCRemoteSwiftPackageReference "realm-cocoa" */;
			productName = Realm;
		};
/* End XCSwiftPackageProductDependency section */
	};
	rootObject = 9E5FF21F267D1A45000E6396 /* Project object */;
}
